
Microsoft Visual Studio Solution File, Format Version 12.00
# Visual Studio 15
VisualStudioVersion = 15.0.28307.271
MinimumVisualStudioVersion = 10.0.40219.1
Project("{FAE04EC0-301F-11D3-BF4B-00C04F79EFBC}") = "Blowfish_GUI", "Blowfish_GUI\Blowfish_GUI.csproj", "{FBFB0CEE-747F-461F-BCEE-B83CB8EB6CC6}"
EndProject
Global
	GlobalSection(SolutionConfigurationPlatforms) = preSolution
		Debug|Any CPU = Debug|Any CPU
		Release|Any CPU = Release|Any CPU
	EndGlobalSection
	GlobalSection(ProjectConfigurationPlatforms) = postSolution
		{FBFB0CEE-747F-461F-BCEE-B83CB8EB6CC6}.Debug|Any CPU.ActiveCfg = Debug|Any CPU
		{FBFB0CEE-747F-461F-BCEE-B83CB8EB6CC6}.Debug|Any CPU.Build.0 = Debug|Any CPU
		{FBFB0CEE-747F-461F-BCEE-B83CB8EB6CC6}.Release|Any CPU.ActiveCfg = Release|Any CPU
		{FBFB0CEE-747F-461F-BCEE-B83CB8EB6CC6}.Release|Any CPU.Build.0 = Release|Any CPU
	EndGlobalSection
	GlobalSection(SolutionProperties) = preSolution
		HideSolutionNode = FALSE
	EndGlobalSection
	GlobalSection(ExtensibilityGlobals) = postSolution
		SolutionGuid = {B6B0458E-AA73-4FF7-B629-85BA81B088C7}
	EndGlobalSection
EndGlobal
